
Microsoft Visual Studio Solution File, Format Version 12.00
# Visual Studio 15
VisualStudioVersion = 15.0.27703.2042
MinimumVisualStudioVersion = 10.0.40219.1
Project("{FAE04EC0-301F-11D3-BF4B-00C04F79EFBC}") = "WebApplication3", "WebApplication3\WebApplication3.csproj", "{C2A3B855-F37A-44C7-8981-D5C0B4290C79}"
EndProject
Global
	GlobalSection(SolutionConfigurationPlatforms) = preSolution
		Debug|Any CPU = Debug|Any CPU
		Release|Any CPU = Release|Any CPU
	EndGlobalSection
	GlobalSection(ProjectConfigurationPlatforms) = postSolution
		{C2A3B855-F37A-44C7-8981-D5C0B4290C79}.Debug|Any CPU.ActiveCfg = Debug|Any CPU
		{C2A3B855-F37A-44C7-8981-D5C0B4290C79}.Debug|Any CPU.Build.0 = Debug|Any CPU
		{C2A3B855-F37A-44C7-8981-D5C0B4290C79}.Release|Any CPU.ActiveCfg = Release|Any CPU
		{C2A3B855-F37A-44C7-8981-D5C0B4290C79}.Release|Any CPU.Build.0 = Release|Any CPU
	EndGlobalSection
	GlobalSection(SolutionProperties) = preSolution
		HideSolutionNode = FALSE
	EndGlobalSection
	GlobalSection(ExtensibilityGlobals) = postSolution
		SolutionGuid = {B13721ED-F9C5-4932-BE85-97F19259023B}
	EndGlobalSection
EndGlobal
